
Microsoft Visual Studio Solution File, Format Version 11.00
# Visual Studio 2010
Project("{F184B08F-C81C-45F6-A57F-5ABD9991F28F}") = "RankingDuplicate", "RankingDuplicate\RankingDuplicate.vbproj", "{655B1A0B-3C51-47C2-B546-0F86E2621C81}"
EndProject
Global
	GlobalSection(SolutionConfigurationPlatforms) = preSolution
		Debug|x86 = Debug|x86
		Release|x86 = Release|x86
	EndGlobalSection
	GlobalSection(ProjectConfigurationPlatforms) = postSolution
		{655B1A0B-3C51-47C2-B546-0F86E2621C81}.Debug|x86.ActiveCfg = Debug|x86
		{655B1A0B-3C51-47C2-B546-0F86E2621C81}.Debug|x86.Build.0 = Debug|x86
		{655B1A0B-3C51-47C2-B546-0F86E2621C81}.Release|x86.ActiveCfg = Release|x86
		{655B1A0B-3C51-47C2-B546-0F86E2621C81}.Release|x86.Build.0 = Release|x86
	EndGlobalSection
	GlobalSection(SolutionProperties) = preSolution
		HideSolutionNode = FALSE
	EndGlobalSection
EndGlobal
